
Microsoft Visual Studio Solution File, Format Version 12.00
# Visual Studio Version 17
VisualStudioVersion = 17.3.32825.248
MinimumVisualStudioVersion = 10.0.40219.1
Project("{FAE04EC0-301F-11D3-BF4B-00C04F79EFBC}") = "MiniGigs", "MiniGigs\MiniGigs.csproj", "{5BDD7B2E-4247-4937-ADC9-3A210CEBDB20}"
EndProject
Global
	GlobalSection(SolutionConfigurationPlatforms) = preSolution
		Debug|Any CPU = Debug|Any CPU
		Release|Any CPU = Release|Any CPU
	EndGlobalSection
	GlobalSection(ProjectConfigurationPlatforms) = postSolution
		{5BDD7B2E-4247-4937-ADC9-3A210CEBDB20}.Debug|Any CPU.ActiveCfg = Debug|Any CPU
		{5BDD7B2E-4247-4937-ADC9-3A210CEBDB20}.Debug|Any CPU.Build.0 = Debug|Any CPU
		{5BDD7B2E-4247-4937-ADC9-3A210CEBDB20}.Release|Any CPU.ActiveCfg = Release|Any CPU
		{5BDD7B2E-4247-4937-ADC9-3A210CEBDB20}.Release|Any CPU.Build.0 = Release|Any CPU
	EndGlobalSection
	GlobalSection(SolutionProperties) = preSolution
		HideSolutionNode = FALSE
	EndGlobalSection
	GlobalSection(ExtensibilityGlobals) = postSolution
		SolutionGuid = {D9C712BC-7326-42D7-AB3A-84432D0E363D}
	EndGlobalSection
EndGlobal
